
Microsoft Visual Studio Solution File, Format Version 12.00
# Visual Studio Version 17
VisualStudioVersion = 17.3.32825.248
MinimumVisualStudioVersion = 10.0.40219.1
Project("{8BC9CEB8-8B4A-11D0-8D11-00A0C91BC942}") = "1.SequenceContainers", "SequenceContainers\SequenceContainers.vcxproj", "{5536EBF5-23DA-4DD0-8EB1-88488C627452}"
EndProject
Project("{8BC9CEB8-8B4A-11D0-8D11-00A0C91BC942}") = "6.AssociativeContainers", "AssociativeContainers\AssociativeContainers.vcxproj", "{1BF873D4-3E18-4228-B540-EFC7471E3669}"
EndProject
Project("{8BC9CEB8-8B4A-11D0-8D11-00A0C91BC942}") = "3.Adaptors", "Adaptors\Adaptors.vcxproj", "{5CDF4B7E-8DA4-4F61-B4C8-F55BCBB2AD10}"
EndProject
Project("{8BC9CEB8-8B4A-11D0-8D11-00A0C91BC942}") = "5.VariadicTemplates", "VariadicTemplates\VariadicTemplates.vcxproj", "{91E5CB08-F848-4095-AE1C-F1D0EC9E689E}"
EndProject
Project("{8BC9CEB8-8B4A-11D0-8D11-00A0C91BC942}") = "7.FunctorsPredicates", "FunctorsPredicates\FunctorsPredicates.vcxproj", "{5162DB6D-94F8-45FA-BAC3-AAC0695CABA3}"
EndProject
Project("{8BC9CEB8-8B4A-11D0-8D11-00A0C91BC942}") = "4.StackCompatibleContainer", "StackCompatibleContainer\StackCompatibleContainer.vcxproj", "{74662670-C9BC-4CA8-A909-40FAF38C8776}"
EndProject
Project("{8BC9CEB8-8B4A-11D0-8D11-00A0C91BC942}") = "2.StackTests", "StackTests\StackTests.vcxproj", "{F9110ED4-8006-4C83-B386-69B20F199D7A}"
EndProject
Project("{8BC9CEB8-8B4A-11D0-8D11-00A0C91BC942}") = "8.Algorithms", "Algorithms\Algorithms.vcxproj", "{426F5CB8-AE2C-4D3F-ADCF-254F6F6A51FA}"
EndProject
Project("{FAE04EC0-301F-11D3-BF4B-00C04F79EFBC}") = "9.Benchmark", "Benchmark\9.Benchmark.csproj", "{206A6CC6-A397-4D72-8005-490B176C19E9}"
EndProject
Global
	GlobalSection(SolutionConfigurationPlatforms) = preSolution
		Debug|Any CPU = Debug|Any CPU
		Debug|x64 = Debug|x64
		Debug|x86 = Debug|x86
		Release|Any CPU = Release|Any CPU
		Release|x64 = Release|x64
		Release|x86 = Release|x86
	EndGlobalSection
	GlobalSection(ProjectConfigurationPlatforms) = postSolution
		{5536EBF5-23DA-4DD0-8EB1-88488C627452}.Debug|Any CPU.ActiveCfg = Debug|x64
		{5536EBF5-23DA-4DD0-8EB1-88488C627452}.Debug|Any CPU.Build.0 = Debug|x64
		{5536EBF5-23DA-4DD0-8EB1-88488C627452}.Debug|x64.ActiveCfg = Debug|x64
		{5536EBF5-23DA-4DD0-8EB1-88488C627452}.Debug|x64.Build.0 = Debug|x64
		{5536EBF5-23DA-4DD0-8EB1-88488C627452}.Debug|x86.ActiveCfg = Debug|Win32
		{5536EBF5-23DA-4DD0-8EB1-88488C627452}.Debug|x86.Build.0 = Debug|Win32
		{5536EBF5-23DA-4DD0-8EB1-88488C627452}.Release|Any CPU.ActiveCfg = Release|x64
		{5536EBF5-23DA-4DD0-8EB1-88488C627452}.Release|Any CPU.Build.0 = Release|x64
		{5536EBF5-23DA-4DD0-8EB1-88488C627452}.Release|x64.ActiveCfg = Release|x64
		{5536EBF5-23DA-4DD0-8EB1-88488C627452}.Release|x64.Build.0 = Release|x64
		{5536EBF5-23DA-4DD0-8EB1-88488C627452}.Release|x86.ActiveCfg = Release|Win32
		{5536EBF5-23DA-4DD0-8EB1-88488C627452}.Release|x86.Build.0 = Release|Win32
		{1BF873D4-3E18-4228-B540-EFC7471E3669}.Debug|Any CPU.ActiveCfg = Debug|x64
		{1BF873D4-3E18-4228-B540-EFC7471E3669}.Debug|Any CPU.Build.0 = Debug|x64
		{1BF873D4-3E18-4228-B540-EFC7471E3669}.Debug|x64.ActiveCfg = Debug|x64
		{1BF873D4-3E18-4228-B540-EFC7471E3669}.Debug|x64.Build.0 = Debug|x64
		{1BF873D4-3E18-4228-B540-EFC7471E3669}.Debug|x86.ActiveCfg = Debug|Win32
		{1BF873D4-3E18-4228-B540-EFC7471E3669}.Debug|x86.Build.0 = Debug|Win32
		{1BF873D4-3E18-4228-B540-EFC7471E3669}.Release|Any CPU.ActiveCfg = Release|x64
		{1BF873D4-3E18-4228-B540-EFC7471E3669}.Release|Any CPU.Build.0 = Release|x64
		{1BF873D4-3E18-4228-B540-EFC7471E3669}.Release|x64.ActiveCfg = Release|x64
		{1BF873D4-3E18-4228-B540-EFC7471E3669}.Release|x64.Build.0 = Release|x64
		{1BF873D4-3E18-4228-B540-EFC7471E3669}.Release|x86.ActiveCfg = Release|Win32
		{1BF873D4-3E18-4228-B540-EFC7471E3669}.Release|x86.Build.0 = Release|Win32
		{5CDF4B7E-8DA4-4F61-B4C8-F55BCBB2AD10}.Debug|Any CPU.ActiveCfg = Debug|x64
		{5CDF4B7E-8DA4-4F61-B4C8-F55BCBB2AD10}.Debug|Any CPU.Build.0 = Debug|x64
		{5CDF4B7E-8DA4-4F61-B4C8-F55BCBB2AD10}.Debug|x64.ActiveCfg = Debug|x64
		{5CDF4B7E-8DA4-4F61-B4C8-F55BCBB2AD10}.Debug|x64.Build.0 = Debug|x64
		{5CDF4B7E-8DA4-4F61-B4C8-F55BCBB2AD10}.Debug|x86.ActiveCfg = Debug|Win32
		{5CDF4B7E-8DA4-4F61-B4C8-F55BCBB2AD10}.Debug|x86.Build.0 = Debug|Win32
		{5CDF4B7E-8DA4-4F61-B4C8-F55BCBB2AD10}.Release|Any CPU.ActiveCfg = Release|x64
		{5CDF4B7E-8DA4-4F61-B4C8-F55BCBB2AD10}.Release|Any CPU.Build.0 = Release|x64
		{5CDF4B7E-8DA4-4F61-B4C8-F55BCBB2AD10}.Release|x64.ActiveCfg = Release|x64
		{5CDF4B7E-8DA4-4F61-B4C8-F55BCBB2AD10}.Release|x64.Build.0 = Release|x64
		{5CDF4B7E-8DA4-4F61-B4C8-F55BCBB2AD10}.Release|x86.ActiveCfg = Release|Win32
		{5CDF4B7E-8DA4-4F61-B4C8-F55BCBB2AD10}.Release|x86.Build.0 = Release|Win32
		{91E5CB08-F848-4095-AE1C-F1D0EC9E689E}.Debug|Any CPU.ActiveCfg = Debug|x64
		{91E5CB08-F848-4095-AE1C-F1D0EC9E689E}.Debug|Any CPU.Build.0 = Debug|x64
		{91E5CB08-F848-4095-AE1C-F1D0EC9E689E}.Debug|x64.ActiveCfg = Debug|x64
		{91E5CB08-F848-4095-AE1C-F1D0EC9E689E}.Debug|x64.Build.0 = Debug|x64
		{91E5CB08-F848-4095-AE1C-F1D0EC9E689E}.Debug|x86.ActiveCfg = Debug|Win32
		{91E5CB08-F848-4095-AE1C-F1D0EC9E689E}.Debug|x86.Build.0 = Debug|Win32
		{91E5CB08-F848-4095-AE1C-F1D0EC9E689E}.Release|Any CPU.ActiveCfg = Release|x64
		{91E5CB08-F848-4095-AE1C-F1D0EC9E689E}.Release|Any CPU.Build.0 = Release|x64
		{91E5CB08-F848-4095-AE1C-F1D0EC9E689E}.Release|x64.ActiveCfg = Release|x64
		{91E5CB08-F848-4095-AE1C-F1D0EC9E689E}.Release|x64.Build.0 = Release|x64
		{91E5CB08-F848-4095-AE1C-F1D0EC9E689E}.Release|x86.ActiveCfg = Release|Win32
		{91E5CB08-F848-4095-AE1C-F1D0EC9E689E}.Release|x86.Build.0 = Release|Win32
		{5162DB6D-94F8-45FA-BAC3-AAC0695CABA3}.Debug|Any CPU.ActiveCfg = Debug|x64
		{5162DB6D-94F8-45FA-BAC3-AAC0695CABA3}.Debug|Any CPU.Build.0 = Debug|x64
		{5162DB6D-94F8-45FA-BAC3-AAC0695CABA3}.Debug|x64.ActiveCfg = Debug|x64
		{5162DB6D-94F8-45FA-BAC3-AAC0695CABA3}.Debug|x64.Build.0 = Debug|x64
		{5162DB6D-94F8-45FA-BAC3-AAC0695CABA3}.Debug|x86.ActiveCfg = Debug|Win32
		{5162DB6D-94F8-45FA-BAC3-AAC0695CABA3}.Debug|x86.Build.0 = Debug|Win32
		{5162DB6D-94F8-45FA-BAC3-AAC0695CABA3}.Release|Any CPU.ActiveCfg = Release|x64
		{5162DB6D-94F8-45FA-BAC3-AAC0695CABA3}.Release|Any CPU.Build.0 = Release|x64
		{5162DB6D-94F8-45FA-BAC3-AAC0695CABA3}.Release|x64.ActiveCfg = Release|x64
		{5162DB6D-94F8-45FA-BAC3-AAC0695CABA3}.Release|x64.Build.0 = Release|x64
		{5162DB6D-94F8-45FA-BAC3-AAC0695CABA3}.Release|x86.ActiveCfg = Release|Win32
		{5162DB6D-94F8-45FA-BAC3-AAC0695CABA3}.Release|x86.Build.0 = Release|Win32
		{74662670-C9BC-4CA8-A909-40FAF38C8776}.Debug|Any CPU.ActiveCfg = Debug|x64
		{74662670-C9BC-4CA8-A909-40FAF38C8776}.Debug|Any CPU.Build.0 = Debug|x64
		{74662670-C9BC-4CA8-A909-40FAF38C8776}.Debug|x64.ActiveCfg = Debug|x64
		{74662670-C9BC-4CA8-A909-40FAF38C8776}.Debug|x64.Build.0 = Debug|x64
		{74662670-C9BC-4CA8-A909-40FAF38C8776}.Debug|x86.ActiveCfg = Debug|Win32
		{74662670-C9BC-4CA8-A909-40FAF38C8776}.Debug|x86.Build.0 = Debug|Win32
		{74662670-C9BC-4CA8-A909-40FAF38C8776}.Release|Any CPU.ActiveCfg = Release|x64
		{74662670-C9BC-4CA8-A909-40FAF38C8776}.Release|Any CPU.Build.0 = Release|x64
		{74662670-C9BC-4CA8-A909-40FAF38C8776}.Release|x64.ActiveCfg = Release|x64
		{74662670-C9BC-4CA8-A909-40FAF38C8776}.Release|x64.Build.0 = Release|x64
		{74662670-C9BC-4CA8-A909-40FAF38C8776}.Release|x86.ActiveCfg = Release|Win32
		{74662670-C9BC-4CA8-A909-40FAF38C8776}.Release|x86.Build.0 = Release|Win32
		{F9110ED4-8006-4C83-B386-69B20F199D7A}.Debug|Any CPU.ActiveCfg = Debug|x64
		{F9110ED4-8006-4C83-B386-69B20F199D7A}.Debug|Any CPU.Build.0 = Debug|x64
		{F9110ED4-8006-4C83-B386-69B20F199D7A}.Debug|x64.ActiveCfg = Debug|x64
		{F9110ED4-8006-4C83-B386-69B20F199D7A}.Debug|x64.Build.0 = Debug|x64
		{F9110ED4-8006-4C83-B386-69B20F199D7A}.Debug|x86.ActiveCfg = Debug|Win32
		{F9110ED4-8006-4C83-B386-69B20F199D7A}.Debug|x86.Build.0 = Debug|Win32
		{F9110ED4-8006-4C83-B386-69B20F199D7A}.Release|Any CPU.ActiveCfg = Release|x64
		{F9110ED4-8006-4C83-B386-69B20F199D7A}.Release|Any CPU.Build.0 = Release|x64
		{F9110ED4-8006-4C83-B386-69B20F199D7A}.Release|x64.ActiveCfg = Release|x64
		{F9110ED4-8006-4C83-B386-69B20F199D7A}.Release|x64.Build.0 = Release|x64
		{F9110ED4-8006-4C83-B386-69B20F199D7A}.Release|x86.ActiveCfg = Release|Win32
		{F9110ED4-8006-4C83-B386-69B20F199D7A}.Release|x86.Build.0 = Release|Win32
		{426F5CB8-AE2C-4D3F-ADCF-254F6F6A51FA}.Debug|Any CPU.ActiveCfg = Debug|x64
		{426F5CB8-AE2C-4D3F-ADCF-254F6F6A51FA}.Debug|Any CPU.Build.0 = Debug|x64
		{426F5CB8-AE2C-4D3F-ADCF-254F6F6A51FA}.Debug|x64.ActiveCfg = Debug|x64
		{426F5CB8-AE2C-4D3F-ADCF-254F6F6A51FA}.Debug|x64.Build.0 = Debug|x64
		{426F5CB8-AE2C-4D3F-ADCF-254F6F6A51FA}.Debug|x86.ActiveCfg = Debug|Win32
		{426F5CB8-AE2C-4D3F-ADCF-254F6F6A51FA}.Debug|x86.Build.0 = Debug|Win32
		{426F5CB8-AE2C-4D3F-ADCF-254F6F6A51FA}.Release|Any CPU.ActiveCfg = Release|x64
		{426F5CB8-AE2C-4D3F-ADCF-254F6F6A51FA}.Release|Any CPU.Build.0 = Release|x64
		{426F5CB8-AE2C-4D3F-ADCF-254F6F6A51FA}.Release|x64.ActiveCfg = Release|x64
		{426F5CB8-AE2C-4D3F-ADCF-254F6F6A51FA}.Release|x64.Build.0 = Release|x64
		{426F5CB8-AE2C-4D3F-ADCF-254F6F6A51FA}.Release|x86.ActiveCfg = Release|Win32
		{426F5CB8-AE2C-4D3F-ADCF-254F6F6A51FA}.Release|x86.Build.0 = Release|Win32
		{206A6CC6-A397-4D72-8005-490B176C19E9}.Debug|Any CPU.ActiveCfg = Debug|Any CPU
		{206A6CC6-A397-4D72-8005-490B176C19E9}.Debug|Any CPU.Build.0 = Debug|Any CPU
		{206A6CC6-A397-4D72-8005-490B176C19E9}.Debug|x64.ActiveCfg = Debug|Any CPU
		{206A6CC6-A397-4D72-8005-490B176C19E9}.Debug|x64.Build.0 = Debug|Any CPU
		{206A6CC6-A397-4D72-8005-490B176C19E9}.Debug|x86.ActiveCfg = Debug|Any CPU
		{206A6CC6-A397-4D72-8005-490B176C19E9}.Debug|x86.Build.0 = Debug|Any CPU
		{206A6CC6-A397-4D72-8005-490B176C19E9}.Release|Any CPU.ActiveCfg = Release|Any CPU
		{206A6CC6-A397-4D72-8005-490B176C19E9}.Release|Any CPU.Build.0 = Release|Any CPU
		{206A6CC6-A397-4D72-8005-490B176C19E9}.Release|x64.ActiveCfg = Release|Any CPU
		{206A6CC6-A397-4D72-8005-490B176C19E9}.Release|x64.Build.0 = Release|Any CPU
		{206A6CC6-A397-4D72-8005-490B176C19E9}.Release|x86.ActiveCfg = Release|Any CPU
		{206A6CC6-A397-4D72-8005-490B176C19E9}.Release|x86.Build.0 = Release|Any CPU
	EndGlobalSection
	GlobalSection(SolutionProperties) = preSolution
		HideSolutionNode = FALSE
	EndGlobalSection
	GlobalSection(ExtensibilityGlobals) = postSolution
		SolutionGuid = {3AA1FDA4-6D2F-4D24-9533-ADF6EACF8748}
	EndGlobalSection
EndGlobal
