
Microsoft Visual Studio Solution File, Format Version 12.00
# Visual Studio Version 16
VisualStudioVersion = 16.0.30011.22
MinimumVisualStudioVersion = 10.0.40219.1
Project("{FAE04EC0-301F-11D3-BF4B-00C04F79EFBC}") = "AllCamsViewer", "AllCamsViewer\AllCamsViewer.csproj", "{3C0C9B7E-631C-4355-AC4C-424A14E0EDFD}"
EndProject
Global
	GlobalSection(SolutionConfigurationPlatforms) = preSolution
		Debug|Any CPU = Debug|Any CPU
		Release|Any CPU = Release|Any CPU
	EndGlobalSection
	GlobalSection(ProjectConfigurationPlatforms) = postSolution
		{3C0C9B7E-631C-4355-AC4C-424A14E0EDFD}.Debug|Any CPU.ActiveCfg = Debug|Any CPU
		{3C0C9B7E-631C-4355-AC4C-424A14E0EDFD}.Debug|Any CPU.Build.0 = Debug|Any CPU
		{3C0C9B7E-631C-4355-AC4C-424A14E0EDFD}.Release|Any CPU.ActiveCfg = Release|Any CPU
		{3C0C9B7E-631C-4355-AC4C-424A14E0EDFD}.Release|Any CPU.Build.0 = Release|Any CPU
	EndGlobalSection
	GlobalSection(SolutionProperties) = preSolution
		HideSolutionNode = FALSE
	EndGlobalSection
	GlobalSection(ExtensibilityGlobals) = postSolution
		SolutionGuid = {01C9160B-E782-431F-93B6-18B3D8D66441}
	EndGlobalSection
EndGlobal
