
Microsoft Visual Studio Solution File, Format Version 12.00
# Visual Studio Version 17
VisualStudioVersion = 17.3.32819.101
MinimumVisualStudioVersion = 10.0.40219.1
Project("{8BC9CEB8-8B4A-11D0-8D11-00A0C91BC942}") = "1.FromCode", "1.FromCode\1.FromCode.vcxproj", "{E1817435-D650-4BED-8FC9-DBD4C72D6E91}"
EndProject
Project("{8BC9CEB8-8B4A-11D0-8D11-00A0C91BC942}") = "2.FromDesigner", "2.FromDesigner\2.FromDesigner.vcxproj", "{49FBDA49-8D3E-4D6F-B85D-C5811247A558}"
EndProject
Project("{8BC9CEB8-8B4A-11D0-8D11-00A0C91BC942}") = "3.Controls", "3.Controls\3.Controls.vcxproj", "{8D7C0D35-A9B5-4824-BD1F-2C9B5278A0C7}"
EndProject
Project("{8BC9CEB8-8B4A-11D0-8D11-00A0C91BC942}") = "4.DrawCircle", "4.DrawCircle\4.DrawCircle.vcxproj", "{3536E6E1-44D1-4ADB-9CBB-683DFDE530C7}"
EndProject
Global
	GlobalSection(SolutionConfigurationPlatforms) = preSolution
		Debug|x64 = Debug|x64
		Debug|x86 = Debug|x86
		Release|x64 = Release|x64
		Release|x86 = Release|x86
	EndGlobalSection
	GlobalSection(ProjectConfigurationPlatforms) = postSolution
		{E1817435-D650-4BED-8FC9-DBD4C72D6E91}.Debug|x64.ActiveCfg = Debug|x64
		{E1817435-D650-4BED-8FC9-DBD4C72D6E91}.Debug|x64.Build.0 = Debug|x64
		{E1817435-D650-4BED-8FC9-DBD4C72D6E91}.Debug|x86.ActiveCfg = Debug|Win32
		{E1817435-D650-4BED-8FC9-DBD4C72D6E91}.Debug|x86.Build.0 = Debug|Win32
		{E1817435-D650-4BED-8FC9-DBD4C72D6E91}.Release|x64.ActiveCfg = Release|x64
		{E1817435-D650-4BED-8FC9-DBD4C72D6E91}.Release|x64.Build.0 = Release|x64
		{E1817435-D650-4BED-8FC9-DBD4C72D6E91}.Release|x86.ActiveCfg = Release|Win32
		{E1817435-D650-4BED-8FC9-DBD4C72D6E91}.Release|x86.Build.0 = Release|Win32
		{49FBDA49-8D3E-4D6F-B85D-C5811247A558}.Debug|x64.ActiveCfg = Debug|x64
		{49FBDA49-8D3E-4D6F-B85D-C5811247A558}.Debug|x64.Build.0 = Debug|x64
		{49FBDA49-8D3E-4D6F-B85D-C5811247A558}.Debug|x86.ActiveCfg = Debug|Win32
		{49FBDA49-8D3E-4D6F-B85D-C5811247A558}.Debug|x86.Build.0 = Debug|Win32
		{49FBDA49-8D3E-4D6F-B85D-C5811247A558}.Release|x64.ActiveCfg = Release|x64
		{49FBDA49-8D3E-4D6F-B85D-C5811247A558}.Release|x64.Build.0 = Release|x64
		{49FBDA49-8D3E-4D6F-B85D-C5811247A558}.Release|x86.ActiveCfg = Release|Win32
		{49FBDA49-8D3E-4D6F-B85D-C5811247A558}.Release|x86.Build.0 = Release|Win32
		{8D7C0D35-A9B5-4824-BD1F-2C9B5278A0C7}.Debug|x64.ActiveCfg = Debug|x64
		{8D7C0D35-A9B5-4824-BD1F-2C9B5278A0C7}.Debug|x64.Build.0 = Debug|x64
		{8D7C0D35-A9B5-4824-BD1F-2C9B5278A0C7}.Debug|x86.ActiveCfg = Debug|Win32
		{8D7C0D35-A9B5-4824-BD1F-2C9B5278A0C7}.Debug|x86.Build.0 = Debug|Win32
		{8D7C0D35-A9B5-4824-BD1F-2C9B5278A0C7}.Release|x64.ActiveCfg = Release|x64
		{8D7C0D35-A9B5-4824-BD1F-2C9B5278A0C7}.Release|x64.Build.0 = Release|x64
		{8D7C0D35-A9B5-4824-BD1F-2C9B5278A0C7}.Release|x86.ActiveCfg = Release|Win32
		{8D7C0D35-A9B5-4824-BD1F-2C9B5278A0C7}.Release|x86.Build.0 = Release|Win32
		{3536E6E1-44D1-4ADB-9CBB-683DFDE530C7}.Debug|x64.ActiveCfg = Debug|x64
		{3536E6E1-44D1-4ADB-9CBB-683DFDE530C7}.Debug|x64.Build.0 = Debug|x64
		{3536E6E1-44D1-4ADB-9CBB-683DFDE530C7}.Debug|x86.ActiveCfg = Debug|Win32
		{3536E6E1-44D1-4ADB-9CBB-683DFDE530C7}.Debug|x86.Build.0 = Debug|Win32
		{3536E6E1-44D1-4ADB-9CBB-683DFDE530C7}.Release|x64.ActiveCfg = Release|x64
		{3536E6E1-44D1-4ADB-9CBB-683DFDE530C7}.Release|x64.Build.0 = Release|x64
		{3536E6E1-44D1-4ADB-9CBB-683DFDE530C7}.Release|x86.ActiveCfg = Release|Win32
		{3536E6E1-44D1-4ADB-9CBB-683DFDE530C7}.Release|x86.Build.0 = Release|Win32
	EndGlobalSection
	GlobalSection(SolutionProperties) = preSolution
		HideSolutionNode = FALSE
	EndGlobalSection
	GlobalSection(ExtensibilityGlobals) = postSolution
		SolutionGuid = {4ADA5D31-5C83-4094-9538-4EF12DA5967D}
	EndGlobalSection
EndGlobal
