
Microsoft Visual Studio Solution File, Format Version 12.00
# Visual Studio Version 17
VisualStudioVersion = 17.3.32825.248
MinimumVisualStudioVersion = 10.0.40219.1
Project("{8BC9CEB8-8B4A-11D0-8D11-00A0C91BC942}") = "2.Restrictions", "2.Restrictions\2.Restrictions.vcxproj", "{ABC6E5B4-0497-4B0F-B5F9-1693C9669458}"
EndProject
Project("{8BC9CEB8-8B4A-11D0-8D11-00A0C91BC942}") = "1.Examples", "1.Examples\1.Examples.vcxproj", "{15358B7F-BDE2-4786-9E56-BD74D0BEA954}"
EndProject
Project("{8BC9CEB8-8B4A-11D0-8D11-00A0C91BC942}") = "3.Concepts", "3.Concepts\3.Concepts.vcxproj", "{C5F87F75-154C-4781-A76F-DC5C75812CA9}"
EndProject
Project("{8BC9CEB8-8B4A-11D0-8D11-00A0C91BC942}") = "4.ITable", "4.ITable\4.ITable.vcxproj", "{CA837F89-C274-4CBB-981D-F2B9F6A7E785}"
EndProject
Global
	GlobalSection(SolutionConfigurationPlatforms) = preSolution
		Debug|x64 = Debug|x64
		Debug|x86 = Debug|x86
		Release|x64 = Release|x64
		Release|x86 = Release|x86
	EndGlobalSection
	GlobalSection(ProjectConfigurationPlatforms) = postSolution
		{ABC6E5B4-0497-4B0F-B5F9-1693C9669458}.Debug|x64.ActiveCfg = Debug|x64
		{ABC6E5B4-0497-4B0F-B5F9-1693C9669458}.Debug|x64.Build.0 = Debug|x64
		{ABC6E5B4-0497-4B0F-B5F9-1693C9669458}.Debug|x86.ActiveCfg = Debug|Win32
		{ABC6E5B4-0497-4B0F-B5F9-1693C9669458}.Debug|x86.Build.0 = Debug|Win32
		{ABC6E5B4-0497-4B0F-B5F9-1693C9669458}.Release|x64.ActiveCfg = Release|x64
		{ABC6E5B4-0497-4B0F-B5F9-1693C9669458}.Release|x64.Build.0 = Release|x64
		{ABC6E5B4-0497-4B0F-B5F9-1693C9669458}.Release|x86.ActiveCfg = Release|Win32
		{ABC6E5B4-0497-4B0F-B5F9-1693C9669458}.Release|x86.Build.0 = Release|Win32
		{15358B7F-BDE2-4786-9E56-BD74D0BEA954}.Debug|x64.ActiveCfg = Debug|x64
		{15358B7F-BDE2-4786-9E56-BD74D0BEA954}.Debug|x64.Build.0 = Debug|x64
		{15358B7F-BDE2-4786-9E56-BD74D0BEA954}.Debug|x86.ActiveCfg = Debug|Win32
		{15358B7F-BDE2-4786-9E56-BD74D0BEA954}.Debug|x86.Build.0 = Debug|Win32
		{15358B7F-BDE2-4786-9E56-BD74D0BEA954}.Release|x64.ActiveCfg = Release|x64
		{15358B7F-BDE2-4786-9E56-BD74D0BEA954}.Release|x64.Build.0 = Release|x64
		{15358B7F-BDE2-4786-9E56-BD74D0BEA954}.Release|x86.ActiveCfg = Release|Win32
		{15358B7F-BDE2-4786-9E56-BD74D0BEA954}.Release|x86.Build.0 = Release|Win32
		{C5F87F75-154C-4781-A76F-DC5C75812CA9}.Debug|x64.ActiveCfg = Debug|x64
		{C5F87F75-154C-4781-A76F-DC5C75812CA9}.Debug|x64.Build.0 = Debug|x64
		{C5F87F75-154C-4781-A76F-DC5C75812CA9}.Debug|x86.ActiveCfg = Debug|Win32
		{C5F87F75-154C-4781-A76F-DC5C75812CA9}.Debug|x86.Build.0 = Debug|Win32
		{C5F87F75-154C-4781-A76F-DC5C75812CA9}.Release|x64.ActiveCfg = Release|x64
		{C5F87F75-154C-4781-A76F-DC5C75812CA9}.Release|x64.Build.0 = Release|x64
		{C5F87F75-154C-4781-A76F-DC5C75812CA9}.Release|x86.ActiveCfg = Release|Win32
		{C5F87F75-154C-4781-A76F-DC5C75812CA9}.Release|x86.Build.0 = Release|Win32
		{CA837F89-C274-4CBB-981D-F2B9F6A7E785}.Debug|x64.ActiveCfg = Debug|x64
		{CA837F89-C274-4CBB-981D-F2B9F6A7E785}.Debug|x64.Build.0 = Debug|x64
		{CA837F89-C274-4CBB-981D-F2B9F6A7E785}.Debug|x86.ActiveCfg = Debug|Win32
		{CA837F89-C274-4CBB-981D-F2B9F6A7E785}.Debug|x86.Build.0 = Debug|Win32
		{CA837F89-C274-4CBB-981D-F2B9F6A7E785}.Release|x64.ActiveCfg = Release|x64
		{CA837F89-C274-4CBB-981D-F2B9F6A7E785}.Release|x64.Build.0 = Release|x64
		{CA837F89-C274-4CBB-981D-F2B9F6A7E785}.Release|x86.ActiveCfg = Release|Win32
		{CA837F89-C274-4CBB-981D-F2B9F6A7E785}.Release|x86.Build.0 = Release|Win32
	EndGlobalSection
	GlobalSection(SolutionProperties) = preSolution
		HideSolutionNode = FALSE
	EndGlobalSection
	GlobalSection(ExtensibilityGlobals) = postSolution
		SolutionGuid = {794B919B-1340-4240-8FBD-E3C6543D1BB8}
	EndGlobalSection
EndGlobal
